// !$*UTF8*$!
{
	archiveVersion = 1;
	classes = {
	};
	objectVersion = 52;
	objects = {

/* Begin PBXBuildFile section */
		339E6D7125B8F7F7000483A0 /* NSBezierPath+Extension.swift in Sources */ = {isa = PBXBuildFile; fileRef = 339E6D7025B8F7F7000483A0 /* NSBezierPath+Extension.swift */; };
		339E6D7425B8F875000483A0 /* NSColor+Extension.swift in Sources */ = {isa = PBXBuildFile; fileRef = 339E6D7325B8F875000483A0 /* NSColor+Extension.swift */; };
		339E6D7725B8F8BE000483A0 /* GuitarTunersView.swift in Sources */ = {isa = PBXBuildFile; fileRef = 339E6D7625B8F8BE000483A0 /* GuitarTunersView.swift */; };
		33EE30A825B8681D00874B5D /* GuitarTunerSwiftUIApp.swift in Sources */ = {isa = PBXBuildFile; fileRef = 33EE30A725B8681D00874B5D /* GuitarTunerSwiftUIApp.swift */; };
		33EE30AA25B8681D00874B5D /* RootState.swift in Sources */ = {isa = PBXBuildFile; fileRef = 33EE30A925B8681D00874B5D /* RootState.swift */; };
		33EE30AC25B8681E00874B5D /* Assets.xcassets in Resources */ = {isa = PBXBuildFile; fileRef = 33EE30AB25B8681E00874B5D /* Assets.xcassets */; };
		33EE30AF25B8681E00874B5D /* Preview Assets.xcassets in Resources */ = {isa = PBXBuildFile; fileRef = 33EE30AE25B8681E00874B5D /* Preview Assets.xcassets */; };
		33EE30BA25B8691900874B5D /* MusicTheory in Frameworks */ = {isa = PBXBuildFile; productRef = 33EE30B925B8691900874B5D /* MusicTheory */; };
		33EE30BE25B8692900874B5D /* ComposableArchitecture in Frameworks */ = {isa = PBXBuildFile; productRef = 33EE30BD25B8692900874B5D /* ComposableArchitecture */; };
		33EE30CC25B86A5E00874B5D /* View+Extensions.swift in Sources */ = {isa = PBXBuildFile; fileRef = 33EE30CB25B86A5E00874B5D /* View+Extensions.swift */; };
		33EE30D225B86AA900874B5D /* SoundClient.swift in Sources */ = {isa = PBXBuildFile; fileRef = 33EE30D125B86AA900874B5D /* SoundClient.swift */; };
		33EE30D525B86AD000874B5D /* MidiSoundFont.swift in Sources */ = {isa = PBXBuildFile; fileRef = 33EE30D425B86AD000874B5D /* MidiSoundFont.swift */; };
/* End PBXBuildFile section */

/* Begin PBXFileReference section */
		339E6D7025B8F7F7000483A0 /* NSBezierPath+Extension.swift */ = {isa = PBXFileReference; lastKnownFileType = sourcecode.swift; path = "NSBezierPath+Extension.swift"; sourceTree = "<group>"; };
		339E6D7325B8F875000483A0 /* NSColor+Extension.swift */ = {isa = PBXFileReference; lastKnownFileType = sourcecode.swift; path = "NSColor+Extension.swift"; sourceTree = "<group>"; };
		339E6D7625B8F8BE000483A0 /* GuitarTunersView.swift */ = {isa = PBXFileReference; lastKnownFileType = sourcecode.swift; path = GuitarTunersView.swift; sourceTree = "<group>"; };
		33EE30A425B8681D00874B5D /* GuitarTunerSwiftUI.app */ = {isa = PBXFileReference; explicitFileType = wrapper.application; includeInIndex = 0; path = GuitarTunerSwiftUI.app; sourceTree = BUILT_PRODUCTS_DIR; };
		33EE30A725B8681D00874B5D /* GuitarTunerSwiftUIApp.swift */ = {isa = PBXFileReference; lastKnownFileType = sourcecode.swift; path = GuitarTunerSwiftUIApp.swift; sourceTree = "<group>"; };
		33EE30A925B8681D00874B5D /* RootState.swift */ = {isa = PBXFileReference; lastKnownFileType = sourcecode.swift; path = RootState.swift; sourceTree = "<group>"; };
		33EE30AB25B8681E00874B5D /* Assets.xcassets */ = {isa = PBXFileReference; lastKnownFileType = folder.assetcatalog; path = Assets.xcassets; sourceTree = "<group>"; };
		33EE30AE25B8681E00874B5D /* Preview Assets.xcassets */ = {isa = PBXFileReference; lastKnownFileType = folder.assetcatalog; path = "Preview Assets.xcassets"; sourceTree = "<group>"; };
		33EE30B025B8681E00874B5D /* Info.plist */ = {isa = PBXFileReference; lastKnownFileType = text.plist.xml; path = Info.plist; sourceTree = "<group>"; };
		33EE30B125B8681E00874B5D /* GuitarTunerSwiftUI.entitlements */ = {isa = PBXFileReference; lastKnownFileType = text.plist.entitlements; path = GuitarTunerSwiftUI.entitlements; sourceTree = "<group>"; };
		33EE30CB25B86A5E00874B5D /* View+Extensions.swift */ = {isa = PBXFileReference; lastKnownFileType = sourcecode.swift; path = "View+Extensions.swift"; sourceTree = "<group>"; };
		33EE30CF25B86A8600874B5D /* emuaps_8mb.sf2 */ = {isa = PBXFileReference; lastKnownFileType = file; path = emuaps_8mb.sf2; sourceTree = "<group>"; };
		33EE30D125B86AA900874B5D /* SoundClient.swift */ = {isa = PBXFileReference; lastKnownFileType = sourcecode.swift; path = SoundClient.swift; sourceTree = "<group>"; };
		33EE30D425B86AD000874B5D /* MidiSoundFont.swift */ = {isa = PBXFileReference; lastKnownFileType = sourcecode.swift; path = MidiSoundFont.swift; sourceTree = "<group>"; };
/* End PBXFileReference section */

/* Begin PBXFrameworksBuildPhase section */
		33EE30A125B8681D00874B5D /* Frameworks */ = {
			isa = PBXFrameworksBuildPhase;
			buildActionMask = 2147483647;
			files = (
				33EE30BE25B8692900874B5D /* ComposableArchitecture in Frameworks */,
				33EE30BA25B8691900874B5D /* MusicTheory in Frameworks */,
			);
			runOnlyForDeploymentPostprocessing = 0;
		};
/* End PBXFrameworksBuildPhase section */

/* Begin PBXGroup section */
		33EE309B25B8681D00874B5D = {
			isa = PBXGroup;
			children = (
				33EE30A625B8681D00874B5D /* GuitarTunerSwiftUI */,
				33EE30A525B8681D00874B5D /* Products */,
			);
			sourceTree = "<group>";
		};
		33EE30A525B8681D00874B5D /* Products */ = {
			isa = PBXGroup;
			children = (
				33EE30A425B8681D00874B5D /* GuitarTunerSwiftUI.app */,
			);
			name = Products;
			sourceTree = "<group>";
		};
		33EE30A625B8681D00874B5D /* GuitarTunerSwiftUI */ = {
			isa = PBXGroup;
			children = (
				33EE30DC25B86B7A00874B5D /* GuitarTunerSwiftUI */,
				33EE30DE25B86BA500874B5D /* Misc */,
			);
			path = GuitarTunerSwiftUI;
			sourceTree = "<group>";
		};
		33EE30AD25B8681E00874B5D /* Preview Content */ = {
			isa = PBXGroup;
			children = (
				33EE30AE25B8681E00874B5D /* Preview Assets.xcassets */,
			);
			path = "Preview Content";
			sourceTree = "<group>";
		};
		33EE30C825B86A3500874B5D /* State */ = {
			isa = PBXGroup;
			children = (
				33EE30A925B8681D00874B5D /* RootState.swift */,
			);
			path = State;
			sourceTree = "<group>";
		};
		33EE30C925B86A3B00874B5D /* Views */ = {
			isa = PBXGroup;
			children = (
				339E6D7625B8F8BE000483A0 /* GuitarTunersView.swift */,
			);
			path = Views;
			sourceTree = "<group>";
		};
		33EE30CA25B86A3F00874B5D /* Common */ = {
			isa = PBXGroup;
			children = (
				33EE30CB25B86A5E00874B5D /* View+Extensions.swift */,
				339E6D7025B8F7F7000483A0 /* NSBezierPath+Extension.swift */,
				339E6D7325B8F875000483A0 /* NSColor+Extension.swift */,
			);
			path = Common;
			sourceTree = "<group>";
		};
		33EE30CE25B86A6B00874B5D /* MidiSoundFonts */ = {
			isa = PBXGroup;
			children = (
				33EE30D425B86AD000874B5D /* MidiSoundFont.swift */,
				33EE30CF25B86A8600874B5D /* emuaps_8mb.sf2 */,
			);
			path = MidiSoundFonts;
			sourceTree = "<group>";
		};
		33EE30D025B86AA000874B5D /* Model */ = {
			isa = PBXGroup;
			children = (
				33EE30D125B86AA900874B5D /* SoundClient.swift */,
			);
			path = Model;
			sourceTree = "<group>";
		};
		33EE30DC25B86B7A00874B5D /* GuitarTunerSwiftUI */ = {
			isa = PBXGroup;
			children = (
				33EE30A725B8681D00874B5D /* GuitarTunerSwiftUIApp.swift */,
				33EE30C825B86A3500874B5D /* State */,
				33EE30C925B86A3B00874B5D /* Views */,
				33EE30D025B86AA000874B5D /* Model */,
				33EE30CA25B86A3F00874B5D /* Common */,
				33EE30CE25B86A6B00874B5D /* MidiSoundFonts */,
			);
			path = GuitarTunerSwiftUI;
			sourceTree = "<group>";
		};
		33EE30DE25B86BA500874B5D /* Misc */ = {
			isa = PBXGroup;
			children = (
				33EE30B125B8681E00874B5D /* GuitarTunerSwiftUI.entitlements */,
				33EE30B025B8681E00874B5D /* Info.plist */,
				33EE30AB25B8681E00874B5D /* Assets.xcassets */,
				33EE30AD25B8681E00874B5D /* Preview Content */,
			);
			path = Misc;
			sourceTree = "<group>";
		};
/* End PBXGroup section */

/* Begin PBXNativeTarget section */
		33EE30A325B8681D00874B5D /* GuitarTunerSwiftUI */ = {
			isa = PBXNativeTarget;
			buildConfigurationList = 33EE30B425B8681E00874B5D /* Build configuration list for PBXNativeTarget "GuitarTunerSwiftUI" */;
			buildPhases = (
				33EE30A025B8681D00874B5D /* Sources */,
				33EE30A125B8681D00874B5D /* Frameworks */,
				33EE30A225B8681D00874B5D /* Resources */,
			);
			buildRules = (
			);
			dependencies = (
			);
			name = GuitarTunerSwiftUI;
			packageProductDependencies = (
				33EE30B925B8691900874B5D /* MusicTheory */,
				33EE30BD25B8692900874B5D /* ComposableArchitecture */,
			);
			productName = GuitarTunerSwiftUI;
			productReference = 33EE30A425B8681D00874B5D /* GuitarTunerSwiftUI.app */;
			productType = "com.apple.product-type.application";
		};
/* End PBXNativeTarget section */

/* Begin PBXProject section */
		33EE309C25B8681D00874B5D /* Project object */ = {
			isa = PBXProject;
			attributes = {
				LastSwiftUpdateCheck = 1230;
				LastUpgradeCheck = 1230;
				TargetAttributes = {
					33EE30A325B8681D00874B5D = {
						CreatedOnToolsVersion = 12.3;
					};
				};
			};
			buildConfigurationList = 33EE309F25B8681D00874B5D /* Build configuration list for PBXProject "GuitarTunerSwiftUI" */;
			compatibilityVersion = "Xcode 9.3";
			developmentRegion = en;
			hasScannedForEncodings = 0;
			knownRegions = (
				en,
				Base,
			);
			mainGroup = 33EE309B25B8681D00874B5D;
			packageReferences = (
				33EE30B825B8691900874B5D /* XCRemoteSwiftPackageReference "MusicTheory" */,
				33EE30BC25B8692900874B5D /* XCRemoteSwiftPackageReference "swift-composable-architecture" */,
			);
			productRefGroup = 33EE30A525B8681D00874B5D /* Products */;
			projectDirPath = "";
			projectRoot = "";
			targets = (
				33EE30A325B8681D00874B5D /* GuitarTunerSwiftUI */,
			);
		};
/* End PBXProject section */

/* Begin PBXResourcesBuildPhase section */
		33EE30A225B8681D00874B5D /* Resources */ = {
			isa = PBXResourcesBuildPhase;
			buildActionMask = 2147483647;
			files = (
				33EE30AF25B8681E00874B5D /* Preview Assets.xcassets in Resources */,
				33EE30AC25B8681E00874B5D /* Assets.xcassets in Resources */,
			);
			runOnlyForDeploymentPostprocessing = 0;
		};
/* End PBXResourcesBuildPhase section */

/* Begin PBXSourcesBuildPhase section */
		33EE30A025B8681D00874B5D /* Sources */ = {
			isa = PBXSourcesBuildPhase;
			buildActionMask = 2147483647;
			files = (
				33EE30D225B86AA900874B5D /* SoundClient.swift in Sources */,
				339E6D7725B8F8BE000483A0 /* GuitarTunersView.swift in Sources */,
				33EE30AA25B8681D00874B5D /* RootState.swift in Sources */,
				339E6D7425B8F875000483A0 /* NSColor+Extension.swift in Sources */,
				339E6D7125B8F7F7000483A0 /* NSBezierPath+Extension.swift in Sources */,
				33EE30CC25B86A5E00874B5D /* View+Extensions.swift in Sources */,
				33EE30D525B86AD000874B5D /* MidiSoundFont.swift in Sources */,
				33EE30A825B8681D00874B5D /* GuitarTunerSwiftUIApp.swift in Sources */,
			);
			runOnlyForDeploymentPostprocessing = 0;
		};
/* End PBXSourcesBuildPhase section */

/* Begin XCBuildConfiguration section */
		33EE30B225B8681E00874B5D /* Debug */ = {
			isa = XCBuildConfiguration;
			buildSettings = {
				ALWAYS_SEARCH_USER_PATHS = NO;
				CLANG_ANALYZER_NONNULL = YES;
				CLANG_ANALYZER_NUMBER_OBJECT_CONVERSION = YES_AGGRESSIVE;
				CLANG_CXX_LANGUAGE_STANDARD = "gnu++14";
				CLANG_CXX_LIBRARY = "libc++";
				CLANG_ENABLE_MODULES = YES;
				CLANG_ENABLE_OBJC_ARC = YES;
				CLANG_ENABLE_OBJC_WEAK = YES;
				CLANG_WARN_BLOCK_CAPTURE_AUTORELEASING = YES;
				CLANG_WARN_BOOL_CONVERSION = YES;
				CLANG_WARN_COMMA = YES;
				CLANG_WARN_CONSTANT_CONVERSION = YES;
				CLANG_WARN_DEPRECATED_OBJC_IMPLEMENTATIONS = YES;
				CLANG_WARN_DIRECT_OBJC_ISA_USAGE = YES_ERROR;
				CLANG_WARN_DOCUMENTATION_COMMENTS = YES;
				CLANG_WARN_EMPTY_BODY = YES;
				CLANG_WARN_ENUM_CONVERSION = YES;
				CLANG_WARN_INFINITE_RECURSION = YES;
				CLANG_WARN_INT_CONVERSION = YES;
				CLANG_WARN_NON_LITERAL_NULL_CONVERSION = YES;
				CLANG_WARN_OBJC_IMPLICIT_RETAIN_SELF = YES;
				CLANG_WARN_OBJC_LITERAL_CONVERSION = YES;
				CLANG_WARN_OBJC_ROOT_CLASS = YES_ERROR;
				CLANG_WARN_QUOTED_INCLUDE_IN_FRAMEWORK_HEADER = YES;
				CLANG_WARN_RANGE_LOOP_ANALYSIS = YES;
				CLANG_WARN_STRICT_PROTOTYPES = YES;
				CLANG_WARN_SUSPICIOUS_MOVE = YES;
				CLANG_WARN_UNGUARDED_AVAILABILITY = YES_AGGRESSIVE;
				CLANG_WARN_UNREACHABLE_CODE = YES;
				CLANG_WARN__DUPLICATE_METHOD_MATCH = YES;
				COPY_PHASE_STRIP = NO;
				DEBUG_INFORMATION_FORMAT = dwarf;
				ENABLE_STRICT_OBJC_MSGSEND = YES;
				ENABLE_TESTABILITY = YES;
				GCC_C_LANGUAGE_STANDARD = gnu11;
				GCC_DYNAMIC_NO_PIC = NO;
				GCC_NO_COMMON_BLOCKS = YES;
				GCC_OPTIMIZATION_LEVEL = 0;
				GCC_PREPROCESSOR_DEFINITIONS = (
					"DEBUG=1",
					"$(inherited)",
				);
				GCC_WARN_64_TO_32_BIT_CONVERSION = YES;
				GCC_WARN_ABOUT_RETURN_TYPE = YES_ERROR;
				GCC_WARN_UNDECLARED_SELECTOR = YES;
				GCC_WARN_UNINITIALIZED_AUTOS = YES_AGGRESSIVE;
				GCC_WARN_UNUSED_FUNCTION = YES;
				GCC_WARN_UNUSED_VARIABLE = YES;
				MACOSX_DEPLOYMENT_TARGET = 11.1;
				MTL_ENABLE_DEBUG_INFO = INCLUDE_SOURCE;
				MTL_FAST_MATH = YES;
				ONLY_ACTIVE_ARCH = YES;
				SDKROOT = macosx;
				SWIFT_ACTIVE_COMPILATION_CONDITIONS = DEBUG;
				SWIFT_OPTIMIZATION_LEVEL = "-Onone";
			};
			name = Debug;
		};
		33EE30B325B8681E00874B5D /* Release */ = {
			isa = XCBuildConfiguration;
			buildSettings = {
				ALWAYS_SEARCH_USER_PATHS = NO;
				CLANG_ANALYZER_NONNULL = YES;
				CLANG_ANALYZER_NUMBER_OBJECT_CONVERSION = YES_AGGRESSIVE;
				CLANG_CXX_LANGUAGE_STANDARD = "gnu++14";
				CLANG_CXX_LIBRARY = "libc++";
				CLANG_ENABLE_MODULES = YES;
				CLANG_ENABLE_OBJC_ARC = YES;
				CLANG_ENABLE_OBJC_WEAK = YES;
				CLANG_WARN_BLOCK_CAPTURE_AUTORELEASING = YES;
				CLANG_WARN_BOOL_CONVERSION = YES;
				CLANG_WARN_COMMA = YES;
				CLANG_WARN_CONSTANT_CONVERSION = YES;
				CLANG_WARN_DEPRECATED_OBJC_IMPLEMENTATIONS = YES;
				CLANG_WARN_DIRECT_OBJC_ISA_USAGE = YES_ERROR;
				CLANG_WARN_DOCUMENTATION_COMMENTS = YES;
				CLANG_WARN_EMPTY_BODY = YES;
				CLANG_WARN_ENUM_CONVERSION = YES;
				CLANG_WARN_INFINITE_RECURSION = YES;
				CLANG_WARN_INT_CONVERSION = YES;
				CLANG_WARN_NON_LITERAL_NULL_CONVERSION = YES;
				CLANG_WARN_OBJC_IMPLICIT_RETAIN_SELF = YES;
				CLANG_WARN_OBJC_LITERAL_CONVERSION = YES;
				CLANG_WARN_OBJC_ROOT_CLASS = YES_ERROR;
				CLANG_WARN_QUOTED_INCLUDE_IN_FRAMEWORK_HEADER = YES;
				CLANG_WARN_RANGE_LOOP_ANALYSIS = YES;
				CLANG_WARN_STRICT_PROTOTYPES = YES;
				CLANG_WARN_SUSPICIOUS_MOVE = YES;
				CLANG_WARN_UNGUARDED_AVAILABILITY = YES_AGGRESSIVE;
				CLANG_WARN_UNREACHABLE_CODE = YES;
				CLANG_WARN__DUPLICATE_METHOD_MATCH = YES;
				COPY_PHASE_STRIP = NO;
				DEBUG_INFORMATION_FORMAT = "dwarf-with-dsym";
				ENABLE_NS_ASSERTIONS = NO;
				ENABLE_STRICT_OBJC_MSGSEND = YES;
				GCC_C_LANGUAGE_STANDARD = gnu11;
				GCC_NO_COMMON_BLOCKS = YES;
				GCC_WARN_64_TO_32_BIT_CONVERSION = YES;
				GCC_WARN_ABOUT_RETURN_TYPE = YES_ERROR;
				GCC_WARN_UNDECLARED_SELECTOR = YES;
				GCC_WARN_UNINITIALIZED_AUTOS = YES_AGGRESSIVE;
				GCC_WARN_UNUSED_FUNCTION = YES;
				GCC_WARN_UNUSED_VARIABLE = YES;
				MACOSX_DEPLOYMENT_TARGET = 11.1;
				MTL_ENABLE_DEBUG_INFO = NO;
				MTL_FAST_MATH = YES;
				SDKROOT = macosx;
				SWIFT_COMPILATION_MODE = wholemodule;
				SWIFT_OPTIMIZATION_LEVEL = "-O";
			};
			name = Release;
		};
		33EE30B525B8681E00874B5D /* Debug */ = {
			isa = XCBuildConfiguration;
			buildSettings = {
				ASSETCATALOG_COMPILER_APPICON_NAME = AppIcon;
				ASSETCATALOG_COMPILER_GLOBAL_ACCENT_COLOR_NAME = AccentColor;
				CODE_SIGN_ENTITLEMENTS = GuitarTunerSwiftUI/Misc/GuitarTunerSwiftUI.entitlements;
				CODE_SIGN_IDENTITY = "-";
				CODE_SIGN_STYLE = Automatic;
				COMBINE_HIDPI_IMAGES = YES;
				DEVELOPMENT_ASSET_PATHS = "\"GuitarTunerSwiftUI/Misc/Preview Content\"";
				DEVELOPMENT_TEAM = W6LQK45783;
				ENABLE_HARDENED_RUNTIME = YES;
				ENABLE_PREVIEWS = YES;
				INFOPLIST_FILE = GuitarTunerSwiftUI/Misc/Info.plist;
				LD_RUNPATH_SEARCH_PATHS = (
					"$(inherited)",
					"@executable_path/../Frameworks",
				);
				MACOSX_DEPLOYMENT_TARGET = 11.0;
				PRODUCT_BUNDLE_IDENTIFIER = com.kswift.GuitarTunerSwiftUI;
				PRODUCT_NAME = "$(TARGET_NAME)";
				SWIFT_VERSION = 5.0;
			};
			name = Debug;
		};
		33EE30B625B8681E00874B5D /* Release */ = {
			isa = XCBuildConfiguration;
			buildSettings = {
				ASSETCATALOG_COMPILER_APPICON_NAME = AppIcon;
				ASSETCATALOG_COMPILER_GLOBAL_ACCENT_COLOR_NAME = AccentColor;
				CODE_SIGN_ENTITLEMENTS = GuitarTunerSwiftUI/Misc/GuitarTunerSwiftUI.entitlements;
				CODE_SIGN_IDENTITY = "-";
				CODE_SIGN_STYLE = Automatic;
				COMBINE_HIDPI_IMAGES = YES;
				DEVELOPMENT_ASSET_PATHS = "\"GuitarTunerSwiftUI/Misc/Preview Content\"";
				DEVELOPMENT_TEAM = W6LQK45783;
				ENABLE_HARDENED_RUNTIME = YES;
				ENABLE_PREVIEWS = YES;
				INFOPLIST_FILE = GuitarTunerSwiftUI/Misc/Info.plist;
				LD_RUNPATH_SEARCH_PATHS = (
					"$(inherited)",
					"@executable_path/../Frameworks",
				);
				MACOSX_DEPLOYMENT_TARGET = 11.0;
				PRODUCT_BUNDLE_IDENTIFIER = com.kswift.GuitarTunerSwiftUI;
				PRODUCT_NAME = "$(TARGET_NAME)";
				SWIFT_VERSION = 5.0;
			};
			name = Release;
		};
/* End XCBuildConfiguration section */

/* Begin XCConfigurationList section */
		33EE309F25B8681D00874B5D /* Build configuration list for PBXProject "GuitarTunerSwiftUI" */ = {
			isa = XCConfigurationList;
			buildConfigurations = (
				33EE30B225B8681E00874B5D /* Debug */,
				33EE30B325B8681E00874B5D /* Release */,
			);
			defaultConfigurationIsVisible = 0;
			defaultConfigurationName = Release;
		};
		33EE30B425B8681E00874B5D /* Build configuration list for PBXNativeTarget "GuitarTunerSwiftUI" */ = {
			isa = XCConfigurationList;
			buildConfigurations = (
				33EE30B525B8681E00874B5D /* Debug */,
				33EE30B625B8681E00874B5D /* Release */,
			);
			defaultConfigurationIsVisible = 0;
			defaultConfigurationName = Release;
		};
/* End XCConfigurationList section */

/* Begin XCRemoteSwiftPackageReference section */
		33EE30B825B8691900874B5D /* XCRemoteSwiftPackageReference "MusicTheory" */ = {
			isa = XCRemoteSwiftPackageReference;
			repositoryURL = "https://github.com/cemolcay/MusicTheory";
			requirement = {
				kind = upToNextMajorVersion;
				minimumVersion = 1.3.1;
			};
		};
		33EE30BC25B8692900874B5D /* XCRemoteSwiftPackageReference "swift-composable-architecture" */ = {
			isa = XCRemoteSwiftPackageReference;
			repositoryURL = "https://github.com/pointfreeco/swift-composable-architecture";
			requirement = {
				kind = upToNextMajorVersion;
				minimumVersion = 0.10.0;
			};
		};
/* End XCRemoteSwiftPackageReference section */

/* Begin XCSwiftPackageProductDependency section */
		33EE30B925B8691900874B5D /* MusicTheory */ = {
			isa = XCSwiftPackageProductDependency;
			package = 33EE30B825B8691900874B5D /* XCRemoteSwiftPackageReference "MusicTheory" */;
			productName = MusicTheory;
		};
		33EE30BD25B8692900874B5D /* ComposableArchitecture */ = {
			isa = XCSwiftPackageProductDependency;
			package = 33EE30BC25B8692900874B5D /* XCRemoteSwiftPackageReference "swift-composable-architecture" */;
			productName = ComposableArchitecture;
		};
/* End XCSwiftPackageProductDependency section */
	};
	rootObject = 33EE309C25B8681D00874B5D /* Project object */;
}
